// !$*UTF8*$!
{
	archiveVersion = 1;
	classes = {
	};
	objectVersion = 46;
	objects = {

/* Begin PBXBuildFile section */
		3F0743D719406E4D00E0B938 /* TPSpeedValueTransformer.m in Sources */ = {isa = PBXBuildFile; fileRef = 3F0743D619406E4D00E0B938 /* TPSpeedValueTransformer.m */; };
		3F0743DA19406EDA00E0B938 /* TPDistanceValueTransformer.m in Sources */ = {isa = PBXBuildFile; fileRef = 3F0743D919406EDA00E0B938 /* TPDistanceValueTransformer.m */; };
		3F128DE41958852A0033C586 /* Localizable.strings in Resources */ = {isa = PBXBuildFile; fileRef = 3F128DE61958852A0033C586 /* Localizable.strings */; };
		3F6D394B1949D035002C596A /* TPLocationTracker.m in Sources */ = {isa = PBXBuildFile; fileRef = 3F6D394A1949D035002C596A /* TPLocationTracker.m */; };
		3F7C69081948ADF400B60796 /* TPSpeedTracker.m in Sources */ = {isa = PBXBuildFile; fileRef = 3F7C69071948ADF400B60796 /* TPSpeedTracker.m */; };
		3F7C690B1948AF8F00B60796 /* NSString+DistanceAndSpeed.m in Sources */ = {isa = PBXBuildFile; fileRef = 3F7C690A1948AF8F00B60796 /* NSString+DistanceAndSpeed.m */; };
		3F7C690E1948B37700B60796 /* TPDistanceTracker.m in Sources */ = {isa = PBXBuildFile; fileRef = 3F7C690D1948B37700B60796 /* TPDistanceTracker.m */; };
		3FA80F5219542C3B002B483D /* TPLocationsCollectionViewDataSource.m in Sources */ = {isa = PBXBuildFile; fileRef = 3FA80F5119542C3B002B483D /* TPLocationsCollectionViewDataSource.m */; };
		3FAF87C9194B27740096A507 /* TPLocationCell.m in Sources */ = {isa = PBXBuildFile; fileRef = 3FAF87C8194B27740096A507 /* TPLocationCell.m */; };
		3FB236B8194EDCFB00FA9622 /* TPLocationsStorage.m in Sources */ = {isa = PBXBuildFile; fileRef = 3FB236B7194EDCFB00FA9622 /* TPLocationsStorage.m */; };
		3FB2C9D3195C401C00B17AF6 /* Default-568h@2x.png in Resources */ = {isa = PBXBuildFile; fileRef = 3FB2C9D2195C401C00B17AF6 /* Default-568h@2x.png */; };
		3FB7F9D5194F2A6800170F48 /* TPLocationCell.xib in Resources */ = {isa = PBXBuildFile; fileRef = 3FB7F9D4194F2A6800170F48 /* TPLocationCell.xib */; };
		3FBD268D193E25200056D4F1 /* TPViewController.m in Sources */ = {isa = PBXBuildFile; fileRef = 3FBD268B193E25200056D4F1 /* TPViewController.m */; };
		3FBD268E193E25200056D4F1 /* TPViewController.xib in Resources */ = {isa = PBXBuildFile; fileRef = 3FBD268C193E25200056D4F1 /* TPViewController.xib */; };
		3FD498B2193E01EA008CBB2A /* Foundation.framework in Frameworks */ = {isa = PBXBuildFile; fileRef = 3FD498B1193E01EA008CBB2A /* Foundation.framework */; };
		3FD498B4193E01EA008CBB2A /* CoreGraphics.framework in Frameworks */ = {isa = PBXBuildFile; fileRef = 3FD498B3193E01EA008CBB2A /* CoreGraphics.framework */; };
		3FD498B6193E01EA008CBB2A /* UIKit.framework in Frameworks */ = {isa = PBXBuildFile; fileRef = 3FD498B5193E01EA008CBB2A /* UIKit.framework */; };
		3FD498BC193E01EA008CBB2A /* InfoPlist.strings in Resources */ = {isa = PBXBuildFile; fileRef = 3FD498BA193E01EA008CBB2A /* InfoPlist.strings */; };
		3FD498BE193E01EA008CBB2A /* main.m in Sources */ = {isa = PBXBuildFile; fileRef = 3FD498BD193E01EA008CBB2A /* main.m */; };
		3FD498C2193E01EA008CBB2A /* TPAppDelegate.m in Sources */ = {isa = PBXBuildFile; fileRef = 3FD498C1193E01EA008CBB2A /* TPAppDelegate.m */; };
		3FD498C4193E01EA008CBB2A /* Images.xcassets in Resources */ = {isa = PBXBuildFile; fileRef = 3FD498C3193E01EA008CBB2A /* Images.xcassets */; };
		3FD498CB193E01EA008CBB2A /* XCTest.framework in Frameworks */ = {isa = PBXBuildFile; fileRef = 3FD498CA193E01EA008CBB2A /* XCTest.framework */; };
		3FD498CC193E01EA008CBB2A /* Foundation.framework in Frameworks */ = {isa = PBXBuildFile; fileRef = 3FD498B1193E01EA008CBB2A /* Foundation.framework */; };
		3FD498CD193E01EA008CBB2A /* UIKit.framework in Frameworks */ = {isa = PBXBuildFile; fileRef = 3FD498B5193E01EA008CBB2A /* UIKit.framework */; };
		3FD498D5193E01EA008CBB2A /* InfoPlist.strings in Resources */ = {isa = PBXBuildFile; fileRef = 3FD498D3193E01EA008CBB2A /* InfoPlist.strings */; };
		3FD498D7193E01EA008CBB2A /* TroffyPilotTests.m in Sources */ = {isa = PBXBuildFile; fileRef = 3FD498D6193E01EA008CBB2A /* TroffyPilotTests.m */; };
		3FD498E1193E0287008CBB2A /* CoreLocation.framework in Frameworks */ = {isa = PBXBuildFile; fileRef = 3FD498E0193E0287008CBB2A /* CoreLocation.framework */; };
		3FD6E8331948979E00BA36ED /* Location.gpx in Resources */ = {isa = PBXBuildFile; fileRef = 3FD6E8321948979E00BA36ED /* Location.gpx */; };
/* End PBXBuildFile section */

/* Begin PBXContainerItemProxy section */
		3FD498CE193E01EA008CBB2A /* PBXContainerItemProxy */ = {
			isa = PBXContainerItemProxy;
			containerPortal = 3FD498A6193E01EA008CBB2A /* Project object */;
			proxyType = 1;
			remoteGlobalIDString = 3FD498AD193E01EA008CBB2A;
			remoteInfo = TroffyPilot;
		};
/* End PBXContainerItemProxy section */

/* Begin PBXFileReference section */
		3F0743D519406E4D00E0B938 /* TPSpeedValueTransformer.h */ = {isa = PBXFileReference; fileEncoding = 4; lastKnownFileType = sourcecode.c.h; path = TPSpeedValueTransformer.h; sourceTree = "<group>"; };
		3F0743D619406E4D00E0B938 /* TPSpeedValueTransformer.m */ = {isa = PBXFileReference; fileEncoding = 4; lastKnownFileType = sourcecode.c.objc; path = TPSpeedValueTransformer.m; sourceTree = "<group>"; };
		3F0743D819406EDA00E0B938 /* TPDistanceValueTransformer.h */ = {isa = PBXFileReference; fileEncoding = 4; lastKnownFileType = sourcecode.c.h; path = TPDistanceValueTransformer.h; sourceTree = "<group>"; };
		3F0743D919406EDA00E0B938 /* TPDistanceValueTransformer.m */ = {isa = PBXFileReference; fileEncoding = 4; lastKnownFileType = sourcecode.c.objc; path = TPDistanceValueTransformer.m; sourceTree = "<group>"; };
		3F128DDF195879AC0033C586 /* ru */ = {isa = PBXFileReference; lastKnownFileType = text.plist.strings; name = ru; path = ru.lproj/InfoPlist.strings; sourceTree = "<group>"; };
		3F128DE0195879AC0033C586 /* ru */ = {isa = PBXFileReference; lastKnownFileType = text.plist.strings; name = ru; path = ru.lproj/InfoPlist.strings; sourceTree = "<group>"; };
		3F128DE51958852A0033C586 /* en */ = {isa = PBXFileReference; lastKnownFileType = text.plist.strings; name = en; path = en.lproj/Localizable.strings; sourceTree = "<group>"; };
		3F128DE7195885700033C586 /* ru */ = {isa = PBXFileReference; lastKnownFileType = text.plist.strings; name = ru; path = ru.lproj/Localizable.strings; sourceTree = "<group>"; };
		3F6D39491949D034002C596A /* TPLocationTracker.h */ = {isa = PBXFileReference; fileEncoding = 4; lastKnownFileType = sourcecode.c.h; path = TPLocationTracker.h; sourceTree = "<group>"; };
		3F6D394A1949D035002C596A /* TPLocationTracker.m */ = {isa = PBXFileReference; fileEncoding = 4; lastKnownFileType = sourcecode.c.objc; path = TPLocationTracker.m; sourceTree = "<group>"; };
		3F6D394C1949E63D002C596A /* TPLocationTrackerDelegate.h */ = {isa = PBXFileReference; fileEncoding = 4; lastKnownFileType = sourcecode.c.h; path = TPLocationTrackerDelegate.h; sourceTree = "<group>"; };
		3F7C69051948ADD400B60796 /* TPSpeedTrackerDelegate.h */ = {isa = PBXFileReference; fileEncoding = 4; lastKnownFileType = sourcecode.c.h; path = TPSpeedTrackerDelegate.h; sourceTree = "<group>"; };
		3F7C69061948ADF400B60796 /* TPSpeedTracker.h */ = {isa = PBXFileReference; fileEncoding = 4; lastKnownFileType = sourcecode.c.h; path = TPSpeedTracker.h; sourceTree = "<group>"; };
		3F7C69071948ADF400B60796 /* TPSpeedTracker.m */ = {isa = PBXFileReference; fileEncoding = 4; lastKnownFileType = sourcecode.c.objc; path = TPSpeedTracker.m; sourceTree = "<group>"; };
		3F7C69091948AF8F00B60796 /* NSString+DistanceAndSpeed.h */ = {isa = PBXFileReference; fileEncoding = 4; lastKnownFileType = sourcecode.c.h; path = "NSString+DistanceAndSpeed.h"; sourceTree = "<group>"; };
		3F7C690A1948AF8F00B60796 /* NSString+DistanceAndSpeed.m */ = {isa = PBXFileReference; fileEncoding = 4; lastKnownFileType = sourcecode.c.objc; path = "NSString+DistanceAndSpeed.m"; sourceTree = "<group>"; };
		3F7C690C1948B37700B60796 /* TPDistanceTracker.h */ = {isa = PBXFileReference; fileEncoding = 4; lastKnownFileType = sourcecode.c.h; path = TPDistanceTracker.h; sourceTree = "<group>"; };
		3F7C690D1948B37700B60796 /* TPDistanceTracker.m */ = {isa = PBXFileReference; fileEncoding = 4; lastKnownFileType = sourcecode.c.objc; path = TPDistanceTracker.m; sourceTree = "<group>"; };
		3F7C690F1948B38C00B60796 /* TPDistanceTrackerDelegate.h */ = {isa = PBXFileReference; fileEncoding = 4; lastKnownFileType = sourcecode.c.h; path = TPDistanceTrackerDelegate.h; sourceTree = "<group>"; };
		3FA80F5019542C3B002B483D /* TPLocationsCollectionViewDataSource.h */ = {isa = PBXFileReference; fileEncoding = 4; lastKnownFileType = sourcecode.c.h; path = TPLocationsCollectionViewDataSource.h; sourceTree = "<group>"; };
		3FA80F5119542C3B002B483D /* TPLocationsCollectionViewDataSource.m */ = {isa = PBXFileReference; fileEncoding = 4; lastKnownFileType = sourcecode.c.objc; path = TPLocationsCollectionViewDataSource.m; sourceTree = "<group>"; };
		3FAF87C7194B27740096A507 /* TPLocationCell.h */ = {isa = PBXFileReference; fileEncoding = 4; lastKnownFileType = sourcecode.c.h; path = TPLocationCell.h; sourceTree = "<group>"; };
		3FAF87C8194B27740096A507 /* TPLocationCell.m */ = {isa = PBXFileReference; fileEncoding = 4; lastKnownFileType = sourcecode.c.objc; path = TPLocationCell.m; sourceTree = "<group>"; };
		3FB236B6194EDCFB00FA9622 /* TPLocationsStorage.h */ = {isa = PBXFileReference; fileEncoding = 4; lastKnownFileType = sourcecode.c.h; path = TPLocationsStorage.h; sourceTree = "<group>"; };
		3FB236B7194EDCFB00FA9622 /* TPLocationsStorage.m */ = {isa = PBXFileReference; fileEncoding = 4; lastKnownFileType = sourcecode.c.objc; path = TPLocationsStorage.m; sourceTree = "<group>"; };
		3FB2C9D2195C401C00B17AF6 /* Default-568h@2x.png */ = {isa = PBXFileReference; lastKnownFileType = image.png; path = "Default-568h@2x.png"; sourceTree = "<group>"; };
		3FB7F9D4194F2A6800170F48 /* TPLocationCell.xib */ = {isa = PBXFileReference; fileEncoding = 4; lastKnownFileType = file.xib; path = TPLocationCell.xib; sourceTree = "<group>"; };
		3FBD268A193E25200056D4F1 /* TPViewController.h */ = {isa = PBXFileReference; fileEncoding = 4; lastKnownFileType = sourcecode.c.h; path = TPViewController.h; sourceTree = "<group>"; };
		3FBD268B193E25200056D4F1 /* TPViewController.m */ = {isa = PBXFileReference; fileEncoding = 4; lastKnownFileType = sourcecode.c.objc; path = TPViewController.m; sourceTree = "<group>"; };
		3FBD268C193E25200056D4F1 /* TPViewController.xib */ = {isa = PBXFileReference; fileEncoding = 4; lastKnownFileType = file.xib; path = TPViewController.xib; sourceTree = "<group>"; };
		3FD498AE193E01EA008CBB2A /* TroffyPilot.app */ = {isa = PBXFileReference; explicitFileType = wrapper.application; includeInIndex = 0; path = TroffyPilot.app; sourceTree = BUILT_PRODUCTS_DIR; };
		3FD498B1193E01EA008CBB2A /* Foundation.framework */ = {isa = PBXFileReference; lastKnownFileType = wrapper.framework; name = Foundation.framework; path = System/Library/Frameworks/Foundation.framework; sourceTree = SDKROOT; };
		3FD498B3193E01EA008CBB2A /* CoreGraphics.framework */ = {isa = PBXFileReference; lastKnownFileType = wrapper.framework; name = CoreGraphics.framework; path = System/Library/Frameworks/CoreGraphics.framework; sourceTree = SDKROOT; };
		3FD498B5193E01EA008CBB2A /* UIKit.framework */ = {isa = PBXFileReference; lastKnownFileType = wrapper.framework; name = UIKit.framework; path = System/Library/Frameworks/UIKit.framework; sourceTree = SDKROOT; };
		3FD498B9193E01EA008CBB2A /* TroffyPilot-Info.plist */ = {isa = PBXFileReference; lastKnownFileType = text.plist.xml; path = "TroffyPilot-Info.plist"; sourceTree = "<group>"; };
		3FD498BB193E01EA008CBB2A /* en */ = {isa = PBXFileReference; lastKnownFileType = text.plist.strings; name = en; path = en.lproj/InfoPlist.strings; sourceTree = "<group>"; };
		3FD498BD193E01EA008CBB2A /* main.m */ = {isa = PBXFileReference; lastKnownFileType = sourcecode.c.objc; path = main.m; sourceTree = "<group>"; };
		3FD498BF193E01EA008CBB2A /* TroffyPilot-Prefix.pch */ = {isa = PBXFileReference; lastKnownFileType = sourcecode.c.h; path = "TroffyPilot-Prefix.pch"; sourceTree = "<group>"; };
		3FD498C0193E01EA008CBB2A /* TPAppDelegate.h */ = {isa = PBXFileReference; lastKnownFileType = sourcecode.c.h; path = TPAppDelegate.h; sourceTree = "<group>"; };
		3FD498C1193E01EA008CBB2A /* TPAppDelegate.m */ = {isa = PBXFileReference; lastKnownFileType = sourcecode.c.objc; path = TPAppDelegate.m; sourceTree = "<group>"; };
		3FD498C3193E01EA008CBB2A /* Images.xcassets */ = {isa = PBXFileReference; lastKnownFileType = folder.assetcatalog; path = Images.xcassets; sourceTree = "<group>"; };
		3FD498C9193E01EA008CBB2A /* TroffyPilotTests.xctest */ = {isa = PBXFileReference; explicitFileType = wrapper.cfbundle; includeInIndex = 0; path = TroffyPilotTests.xctest; sourceTree = BUILT_PRODUCTS_DIR; };
		3FD498CA193E01EA008CBB2A /* XCTest.framework */ = {isa = PBXFileReference; lastKnownFileType = wrapper.framework; name = XCTest.framework; path = Library/Frameworks/XCTest.framework; sourceTree = DEVELOPER_DIR; };
		3FD498D2193E01EA008CBB2A /* TroffyPilotTests-Info.plist */ = {isa = PBXFileReference; lastKnownFileType = text.plist.xml; path = "TroffyPilotTests-Info.plist"; sourceTree = "<group>"; };
		3FD498D4193E01EA008CBB2A /* en */ = {isa = PBXFileReference; lastKnownFileType = text.plist.strings; name = en; path = en.lproj/InfoPlist.strings; sourceTree = "<group>"; };
		3FD498D6193E01EA008CBB2A /* TroffyPilotTests.m */ = {isa = PBXFileReference; lastKnownFileType = sourcecode.c.objc; path = TroffyPilotTests.m; sourceTree = "<group>"; };
		3FD498E0193E0287008CBB2A /* CoreLocation.framework */ = {isa = PBXFileReference; lastKnownFileType = wrapper.framework; name = CoreLocation.framework; path = System/Library/Frameworks/CoreLocation.framework; sourceTree = SDKROOT; };
		3FD6E8321948979E00BA36ED /* Location.gpx */ = {isa = PBXFileReference; fileEncoding = 4; lastKnownFileType = text.xml; name = Location.gpx; path = ../Location.gpx; sourceTree = "<group>"; };
/* End PBXFileReference section */

/* Begin PBXFrameworksBuildPhase section */
		3FD498AB193E01EA008CBB2A /* Frameworks */ = {
			isa = PBXFrameworksBuildPhase;
			buildActionMask = 2147483647;
			files = (
				3FD498E1193E0287008CBB2A /* CoreLocation.framework in Frameworks */,
				3FD498B4193E01EA008CBB2A /* CoreGraphics.framework in Frameworks */,
				3FD498B6193E01EA008CBB2A /* UIKit.framework in Frameworks */,
				3FD498B2193E01EA008CBB2A /* Foundation.framework in Frameworks */,
			);
			runOnlyForDeploymentPostprocessing = 0;
		};
		3FD498C6193E01EA008CBB2A /* Frameworks */ = {
			isa = PBXFrameworksBuildPhase;
			buildActionMask = 2147483647;
			files = (
				3FD498CB193E01EA008CBB2A /* XCTest.framework in Frameworks */,
				3FD498CD193E01EA008CBB2A /* UIKit.framework in Frameworks */,
				3FD498CC193E01EA008CBB2A /* Foundation.framework in Frameworks */,
			);
			runOnlyForDeploymentPostprocessing = 0;
		};
/* End PBXFrameworksBuildPhase section */

/* Begin PBXGroup section */
		3F128DE8195888E40033C586 /* Controllers */ = {
			isa = PBXGroup;
			children = (
				3FBD268A193E25200056D4F1 /* TPViewController.h */,
				3FBD268B193E25200056D4F1 /* TPViewController.m */,
				3FBD268C193E25200056D4F1 /* TPViewController.xib */,
			);
			name = Controllers;
			sourceTree = "<group>";
		};
		3F128DEA1958890D0033C586 /* Views */ = {
			isa = PBXGroup;
			children = (
				3F128DEE195889CD0033C586 /* CollectionViewCell */,
			);
			name = Views;
			sourceTree = "<group>";
		};
		3F128DEB1958892A0033C586 /* Utilities */ = {
			isa = PBXGroup;
			children = (
				3F128DF419588A900033C586 /* DistanceValueTransformer */,
				3F128DF319588A770033C586 /* SpeedValueTransformer */,
				3F128DF119588A260033C586 /* DistanceTracker */,
				3F128DF219588A300033C586 /* LocationTracker */,
				3F128DF019588A1D0033C586 /* SpeedTracker */,
				3F7C69091948AF8F00B60796 /* NSString+DistanceAndSpeed.h */,
				3F7C690A1948AF8F00B60796 /* NSString+DistanceAndSpeed.m */,
			);
			name = Utilities;
			sourceTree = "<group>";
		};
		3F128DEC195889820033C586 /* DataSources */ = {
			isa = PBXGroup;
			children = (
				3F128DED195889AF0033C586 /* CollectionView */,
			);
			name = DataSources;
			sourceTree = "<group>";
		};
		3F128DED195889AF0033C586 /* CollectionView */ = {
			isa = PBXGroup;
			children = (
				3FA80F5019542C3B002B483D /* TPLocationsCollectionViewDataSource.h */,
				3FA80F5119542C3B002B483D /* TPLocationsCollectionViewDataSource.m */,
			);
			name = CollectionView;
			sourceTree = "<group>";
		};
		3F128DEE195889CD0033C586 /* CollectionViewCell */ = {
			isa = PBXGroup;
			children = (
				3FAF87C7194B27740096A507 /* TPLocationCell.h */,
				3FAF87C8194B27740096A507 /* TPLocationCell.m */,
				3FB7F9D4194F2A6800170F48 /* TPLocationCell.xib */,
			);
			name = CollectionViewCell;
			sourceTree = "<group>";
		};
		3F128DEF19588A070033C586 /* Data */ = {
			isa = PBXGroup;
			children = (
				3FB236B6194EDCFB00FA9622 /* TPLocationsStorage.h */,
				3FB236B7194EDCFB00FA9622 /* TPLocationsStorage.m */,
			);
			name = Data;
			sourceTree = "<group>";
		};
		3F128DF019588A1D0033C586 /* SpeedTracker */ = {
			isa = PBXGroup;
			children = (
				3F7C69061948ADF400B60796 /* TPSpeedTracker.h */,
				3F7C69071948ADF400B60796 /* TPSpeedTracker.m */,
				3F7C69051948ADD400B60796 /* TPSpeedTrackerDelegate.h */,
			);
			name = SpeedTracker;
			sourceTree = "<group>";
		};
		3F128DF119588A260033C586 /* DistanceTracker */ = {
			isa = PBXGroup;
			children = (
				3F7C690C1948B37700B60796 /* TPDistanceTracker.h */,
				3F7C690D1948B37700B60796 /* TPDistanceTracker.m */,
				3F7C690F1948B38C00B60796 /* TPDistanceTrackerDelegate.h */,
			);
			name = DistanceTracker;
			sourceTree = "<group>";
		};
		3F128DF219588A300033C586 /* LocationTracker */ = {
			isa = PBXGroup;
			children = (
				3F6D39491949D034002C596A /* TPLocationTracker.h */,
				3F6D394A1949D035002C596A /* TPLocationTracker.m */,
				3F6D394C1949E63D002C596A /* TPLocationTrackerDelegate.h */,
			);
			name = LocationTracker;
			sourceTree = "<group>";
		};
		3F128DF319588A770033C586 /* SpeedValueTransformer */ = {
			isa = PBXGroup;
			children = (
				3F0743D519406E4D00E0B938 /* TPSpeedValueTransformer.h */,
				3F0743D619406E4D00E0B938 /* TPSpeedValueTransformer.m */,
			);
			name = SpeedValueTransformer;
			sourceTree = "<group>";
		};
		3F128DF419588A900033C586 /* DistanceValueTransformer */ = {
			isa = PBXGroup;
			children = (
				3F0743D819406EDA00E0B938 /* TPDistanceValueTransformer.h */,
				3F0743D919406EDA00E0B938 /* TPDistanceValueTransformer.m */,
			);
			name = DistanceValueTransformer;
			sourceTree = "<group>";
		};
		3FD498A5193E01EA008CBB2A = {
			isa = PBXGroup;
			children = (
				3FB2C9D2195C401C00B17AF6 /* Default-568h@2x.png */,
				3FD498B7193E01EA008CBB2A /* TroffyPilot */,
				3FD498D0193E01EA008CBB2A /* TroffyPilotTests */,
				3FD498B0193E01EA008CBB2A /* Frameworks */,
				3FD498AF193E01EA008CBB2A /* Products */,
			);
			sourceTree = "<group>";
		};
		3FD498AF193E01EA008CBB2A /* Products */ = {
			isa = PBXGroup;
			children = (
				3FD498AE193E01EA008CBB2A /* TroffyPilot.app */,
				3FD498C9193E01EA008CBB2A /* TroffyPilotTests.xctest */,
			);
			name = Products;
			sourceTree = "<group>";
		};
		3FD498B0193E01EA008CBB2A /* Frameworks */ = {
			isa = PBXGroup;
			children = (
				3FD498E0193E0287008CBB2A /* CoreLocation.framework */,
				3FD498B1193E01EA008CBB2A /* Foundation.framework */,
				3FD498B3193E01EA008CBB2A /* CoreGraphics.framework */,
				3FD498B5193E01EA008CBB2A /* UIKit.framework */,
				3FD498CA193E01EA008CBB2A /* XCTest.framework */,
			);
			name = Frameworks;
			sourceTree = "<group>";
		};
		3FD498B7193E01EA008CBB2A /* TroffyPilot */ = {
			isa = PBXGroup;
			children = (
				3F128DEF19588A070033C586 /* Data */,
				3F128DEC195889820033C586 /* DataSources */,
				3F128DEB1958892A0033C586 /* Utilities */,
				3F128DEA1958890D0033C586 /* Views */,
				3F128DE8195888E40033C586 /* Controllers */,
				3FD498C0193E01EA008CBB2A /* TPAppDelegate.h */,
				3FD498C1193E01EA008CBB2A /* TPAppDelegate.m */,
				3FD498C3193E01EA008CBB2A /* Images.xcassets */,
				3FD498B8193E01EA008CBB2A /* Supporting Files */,
			);
			path = TroffyPilot;
			sourceTree = "<group>";
		};
		3FD498B8193E01EA008CBB2A /* Supporting Files */ = {
			isa = PBXGroup;
			children = (
				3F128DE61958852A0033C586 /* Localizable.strings */,
				3FD6E8321948979E00BA36ED /* Location.gpx */,
				3FD498B9193E01EA008CBB2A /* TroffyPilot-Info.plist */,
				3FD498BA193E01EA008CBB2A /* InfoPlist.strings */,
				3FD498BD193E01EA008CBB2A /* main.m */,
				3FD498BF193E01EA008CBB2A /* TroffyPilot-Prefix.pch */,
			);
			name = "Supporting Files";
			sourceTree = "<group>";
		};
		3FD498D0193E01EA008CBB2A /* TroffyPilotTests */ = {
			isa = PBXGroup;
			children = (
				3FD498D6193E01EA008CBB2A /* TroffyPilotTests.m */,
				3FD498D1193E01EA008CBB2A /* Supporting Files */,
			);
			path = TroffyPilotTests;
			sourceTree = "<group>";
		};
		3FD498D1193E01EA008CBB2A /* Supporting Files */ = {
			isa = PBXGroup;
			children = (
				3FD498D2193E01EA008CBB2A /* TroffyPilotTests-Info.plist */,
				3FD498D3193E01EA008CBB2A /* InfoPlist.strings */,
			);
			name = "Supporting Files";
			sourceTree = "<group>";
		};
/* End PBXGroup section */

/* Begin PBXNativeTarget section */
		3FD498AD193E01EA008CBB2A /* TroffyPilot */ = {
			isa = PBXNativeTarget;
			buildConfigurationList = 3FD498DA193E01EA008CBB2A /* Build configuration list for PBXNativeTarget "TroffyPilot" */;
			buildPhases = (
				3FD498AA193E01EA008CBB2A /* Sources */,
				3FD498AB193E01EA008CBB2A /* Frameworks */,
				3FD498AC193E01EA008CBB2A /* Resources */,
			);
			buildRules = (
			);
			dependencies = (
			);
			name = TroffyPilot;
			productName = TroffyPilot;
			productReference = 3FD498AE193E01EA008CBB2A /* TroffyPilot.app */;
			productType = "com.apple.product-type.application";
		};
		3FD498C8193E01EA008CBB2A /* TroffyPilotTests */ = {
			isa = PBXNativeTarget;
			buildConfigurationList = 3FD498DD193E01EA008CBB2A /* Build configuration list for PBXNativeTarget "TroffyPilotTests" */;
			buildPhases = (
				3FD498C5193E01EA008CBB2A /* Sources */,
				3FD498C6193E01EA008CBB2A /* Frameworks */,
				3FD498C7193E01EA008CBB2A /* Resources */,
			);
			buildRules = (
			);
			dependencies = (
				3FD498CF193E01EA008CBB2A /* PBXTargetDependency */,
			);
			name = TroffyPilotTests;
			productName = TroffyPilotTests;
			productReference = 3FD498C9193E01EA008CBB2A /* TroffyPilotTests.xctest */;
			productType = "com.apple.product-type.bundle.unit-test";
		};
/* End PBXNativeTarget section */

/* Begin PBXProject section */
		3FD498A6193E01EA008CBB2A /* Project object */ = {
			isa = PBXProject;
			attributes = {
				CLASSPREFIX = TP;
				LastUpgradeCheck = 0510;
				ORGANIZATIONNAME = "___FULLUSERNAME___";
				TargetAttributes = {
					3FD498C8193E01EA008CBB2A = {
						TestTargetID = 3FD498AD193E01EA008CBB2A;
					};
				};
			};
			buildConfigurationList = 3FD498A9193E01EA008CBB2A /* Build configuration list for PBXProject "TroffyPilot" */;
			compatibilityVersion = "Xcode 3.2";
			developmentRegion = English;
			hasScannedForEncodings = 0;
			knownRegions = (
				en,
				ru,
			);
			mainGroup = 3FD498A5193E01EA008CBB2A;
			productRefGroup = 3FD498AF193E01EA008CBB2A /* Products */;
			projectDirPath = "";
			projectRoot = "";
			targets = (
				3FD498AD193E01EA008CBB2A /* TroffyPilot */,
				3FD498C8193E01EA008CBB2A /* TroffyPilotTests */,
			);
		};
/* End PBXProject section */

/* Begin PBXResourcesBuildPhase section */
		3FD498AC193E01EA008CBB2A /* Resources */ = {
			isa = PBXResourcesBuildPhase;
			buildActionMask = 2147483647;
			files = (
				3FB7F9D5194F2A6800170F48 /* TPLocationCell.xib in Resources */,
				3F128DE41958852A0033C586 /* Localizable.strings in Resources */,
				3FD6E8331948979E00BA36ED /* Location.gpx in Resources */,
				3FD498BC193E01EA008CBB2A /* InfoPlist.strings in Resources */,
				3FD498C4193E01EA008CBB2A /* Images.xcassets in Resources */,
				3FB2C9D3195C401C00B17AF6 /* Default-568h@2x.png in Resources */,
				3FBD268E193E25200056D4F1 /* TPViewController.xib in Resources */,
			);
			runOnlyForDeploymentPostprocessing = 0;
		};
		3FD498C7193E01EA008CBB2A /* Resources */ = {
			isa = PBXResourcesBuildPhase;
			buildActionMask = 2147483647;
			files = (
				3FD498D5193E01EA008CBB2A /* InfoPlist.strings in Resources */,
			);
			runOnlyForDeploymentPostprocessing = 0;
		};
/* End PBXResourcesBuildPhase section */

/* Begin PBXSourcesBuildPhase section */
		3FD498AA193E01EA008CBB2A /* Sources */ = {
			isa = PBXSourcesBuildPhase;
			buildActionMask = 2147483647;
			files = (
				3FB236B8194EDCFB00FA9622 /* TPLocationsStorage.m in Sources */,
				3FAF87C9194B27740096A507 /* TPLocationCell.m in Sources */,
				3F7C690B1948AF8F00B60796 /* NSString+DistanceAndSpeed.m in Sources */,
				3FBD268D193E25200056D4F1 /* TPViewController.m in Sources */,
				3F7C69081948ADF400B60796 /* TPSpeedTracker.m in Sources */,
				3FD498C2193E01EA008CBB2A /* TPAppDelegate.m in Sources */,
				3F7C690E1948B37700B60796 /* TPDistanceTracker.m in Sources */,
				3FD498BE193E01EA008CBB2A /* main.m in Sources */,
				3F0743DA19406EDA00E0B938 /* TPDistanceValueTransformer.m in Sources */,
				3F0743D719406E4D00E0B938 /* TPSpeedValueTransformer.m in Sources */,
				3FA80F5219542C3B002B483D /* TPLocationsCollectionViewDataSource.m in Sources */,
				3F6D394B1949D035002C596A /* TPLocationTracker.m in Sources */,
			);
			runOnlyForDeploymentPostprocessing = 0;
		};
		3FD498C5193E01EA008CBB2A /* Sources */ = {
			isa = PBXSourcesBuildPhase;
			buildActionMask = 2147483647;
			files = (
				3FD498D7193E01EA008CBB2A /* TroffyPilotTests.m in Sources */,
			);
			runOnlyForDeploymentPostprocessing = 0;
		};
/* End PBXSourcesBuildPhase section */

/* Begin PBXTargetDependency section */
		3FD498CF193E01EA008CBB2A /* PBXTargetDependency */ = {
			isa = PBXTargetDependency;
			target = 3FD498AD193E01EA008CBB2A /* TroffyPilot */;
			targetProxy = 3FD498CE193E01EA008CBB2A /* PBXContainerItemProxy */;
		};
/* End PBXTargetDependency section */

/* Begin PBXVariantGroup section */
		3F128DE61958852A0033C586 /* Localizable.strings */ = {
			isa = PBXVariantGroup;
			children = (
				3F128DE51958852A0033C586 /* en */,
				3F128DE7195885700033C586 /* ru */,
			);
			name = Localizable.strings;
			path = ..;
			sourceTree = "<group>";
		};
		3FD498BA193E01EA008CBB2A /* InfoPlist.strings */ = {
			isa = PBXVariantGroup;
			children = (
				3FD498BB193E01EA008CBB2A /* en */,
				3F128DDF195879AC0033C586 /* ru */,
			);
			name = InfoPlist.strings;
			sourceTree = "<group>";
		};
		3FD498D3193E01EA008CBB2A /* InfoPlist.strings */ = {
			isa = PBXVariantGroup;
			children = (
				3FD498D4193E01EA008CBB2A /* en */,
				3F128DE0195879AC0033C586 /* ru */,
			);
			name = InfoPlist.strings;
			sourceTree = "<group>";
		};
/* End PBXVariantGroup section */

/* Begin XCBuildConfiguration section */
		3FD498D8193E01EA008CBB2A /* Debug */ = {
			isa = XCBuildConfiguration;
			buildSettings = {
				ALWAYS_SEARCH_USER_PATHS = NO;
				CLANG_CXX_LANGUAGE_STANDARD = "gnu++0x";
				CLANG_CXX_LIBRARY = "libc++";
				CLANG_ENABLE_MODULES = YES;
				CLANG_ENABLE_OBJC_ARC = YES;
				CLANG_WARN_BOOL_CONVERSION = YES;
				CLANG_WARN_CONSTANT_CONVERSION = YES;
				CLANG_WARN_DIRECT_OBJC_ISA_USAGE = YES_ERROR;
				CLANG_WARN_EMPTY_BODY = YES;
				CLANG_WARN_ENUM_CONVERSION = YES;
				CLANG_WARN_INT_CONVERSION = YES;
				CLANG_WARN_OBJC_ROOT_CLASS = YES_ERROR;
				CLANG_WARN__DUPLICATE_METHOD_MATCH = YES;
				"CODE_SIGN_IDENTITY[sdk=iphoneos*]" = "iPhone Developer";
				COPY_PHASE_STRIP = NO;
				GCC_C_LANGUAGE_STANDARD = gnu99;
				GCC_DYNAMIC_NO_PIC = NO;
				GCC_OPTIMIZATION_LEVEL = 0;
				GCC_PREPROCESSOR_DEFINITIONS = (
					"DEBUG=1",
					"$(inherited)",
				);
				GCC_SYMBOLS_PRIVATE_EXTERN = NO;
				GCC_WARN_64_TO_32_BIT_CONVERSION = YES;
				GCC_WARN_ABOUT_RETURN_TYPE = YES_ERROR;
				GCC_WARN_UNDECLARED_SELECTOR = YES;
				GCC_WARN_UNINITIALIZED_AUTOS = YES_AGGRESSIVE;
				GCC_WARN_UNUSED_FUNCTION = YES;
				GCC_WARN_UNUSED_VARIABLE = YES;
				IPHONEOS_DEPLOYMENT_TARGET = 7.1;
				ONLY_ACTIVE_ARCH = YES;
				SDKROOT = iphoneos;
				TARGETED_DEVICE_FAMILY = "1,2";
			};
			name = Debug;
		};
		3FD498D9193E01EA008CBB2A /* Release */ = {
			isa = XCBuildConfiguration;
			buildSettings = {
				ALWAYS_SEARCH_USER_PATHS = NO;
				CLANG_CXX_LANGUAGE_STANDARD = "gnu++0x";
				CLANG_CXX_LIBRARY = "libc++";
				CLANG_ENABLE_MODULES = YES;
				CLANG_ENABLE_OBJC_ARC = YES;
				CLANG_WARN_BOOL_CONVERSION = YES;
				CLANG_WARN_CONSTANT_CONVERSION = YES;
				CLANG_WARN_DIRECT_OBJC_ISA_USAGE = YES_ERROR;
				CLANG_WARN_EMPTY_BODY = YES;
				CLANG_WARN_ENUM_CONVERSION = YES;
				CLANG_WARN_INT_CONVERSION = YES;
				CLANG_WARN_OBJC_ROOT_CLASS = YES_ERROR;
				CLANG_WARN__DUPLICATE_METHOD_MATCH = YES;
				"CODE_SIGN_IDENTITY[sdk=iphoneos*]" = "iPhone Developer";
				COPY_PHASE_STRIP = YES;
				ENABLE_NS_ASSERTIONS = NO;
				GCC_C_LANGUAGE_STANDARD = gnu99;
				GCC_WARN_64_TO_32_BIT_CONVERSION = YES;
				GCC_WARN_ABOUT_RETURN_TYPE = YES_ERROR;
				GCC_WARN_UNDECLARED_SELECTOR = YES;
				GCC_WARN_UNINITIALIZED_AUTOS = YES_AGGRESSIVE;
				GCC_WARN_UNUSED_FUNCTION = YES;
				GCC_WARN_UNUSED_VARIABLE = YES;
				IPHONEOS_DEPLOYMENT_TARGET = 7.1;
				SDKROOT = iphoneos;
				TARGETED_DEVICE_FAMILY = "1,2";
				VALIDATE_PRODUCT = YES;
			};
			name = Release;
		};
		3FD498DB193E01EA008CBB2A /* Debug */ = {
			isa = XCBuildConfiguration;
			buildSettings = {
				ASSETCATALOG_COMPILER_APPICON_NAME = AppIcon;
				GCC_PRECOMPILE_PREFIX_HEADER = YES;
				GCC_PREFIX_HEADER = "TroffyPilot/TroffyPilot-Prefix.pch";
				INFOPLIST_FILE = "TroffyPilot/TroffyPilot-Info.plist";
				IPHONEOS_DEPLOYMENT_TARGET = 7.0;
				PRODUCT_NAME = "$(TARGET_NAME)";
				TARGETED_DEVICE_FAMILY = 1;
				WRAPPER_EXTENSION = app;
			};
			name = Debug;
		};
		3FD498DC193E01EA008CBB2A /* Release */ = {
			isa = XCBuildConfiguration;
			buildSettings = {
				ASSETCATALOG_COMPILER_APPICON_NAME = AppIcon;
				GCC_PRECOMPILE_PREFIX_HEADER = YES;
				GCC_PREFIX_HEADER = "TroffyPilot/TroffyPilot-Prefix.pch";
				INFOPLIST_FILE = "TroffyPilot/TroffyPilot-Info.plist";
				IPHONEOS_DEPLOYMENT_TARGET = 7.0;
				PRODUCT_NAME = "$(TARGET_NAME)";
				TARGETED_DEVICE_FAMILY = 1;
				WRAPPER_EXTENSION = app;
			};
			name = Release;
		};
		3FD498DE193E01EA008CBB2A /* Debug */ = {
			isa = XCBuildConfiguration;
			buildSettings = {
				BUNDLE_LOADER = "$(BUILT_PRODUCTS_DIR)/TroffyPilot.app/TroffyPilot";
				FRAMEWORK_SEARCH_PATHS = (
					"$(SDKROOT)/Developer/Library/Frameworks",
					"$(inherited)",
					"$(DEVELOPER_FRAMEWORKS_DIR)",
				);
				GCC_PRECOMPILE_PREFIX_HEADER = YES;
				GCC_PREFIX_HEADER = "TroffyPilot/TroffyPilot-Prefix.pch";
				GCC_PREPROCESSOR_DEFINITIONS = (
					"DEBUG=1",
					"$(inherited)",
				);
				INFOPLIST_FILE = "TroffyPilotTests/TroffyPilotTests-Info.plist";
				PRODUCT_NAME = "$(TARGET_NAME)";
				TEST_HOST = "$(BUNDLE_LOADER)";
				WRAPPER_EXTENSION = xctest;
			};
			name = Debug;
		};
		3FD498DF193E01EA008CBB2A /* Release */ = {
			isa = XCBuildConfiguration;
			buildSettings = {
				BUNDLE_LOADER = "$(BUILT_PRODUCTS_DIR)/TroffyPilot.app/TroffyPilot";
				FRAMEWORK_SEARCH_PATHS = (
					"$(SDKROOT)/Developer/Library/Frameworks",
					"$(inherited)",
					"$(DEVELOPER_FRAMEWORKS_DIR)",
				);
				GCC_PRECOMPILE_PREFIX_HEADER = YES;
				GCC_PREFIX_HEADER = "TroffyPilot/TroffyPilot-Prefix.pch";
				INFOPLIST_FILE = "TroffyPilotTests/TroffyPilotTests-Info.plist";
				PRODUCT_NAME = "$(TARGET_NAME)";
				TEST_HOST = "$(BUNDLE_LOADER)";
				WRAPPER_EXTENSION = xctest;
			};
			name = Release;
		};
/* End XCBuildConfiguration section */

/* Begin XCConfigurationList section */
		3FD498A9193E01EA008CBB2A /* Build configuration list for PBXProject "TroffyPilot" */ = {
			isa = XCConfigurationList;
			buildConfigurations = (
				3FD498D8193E01EA008CBB2A /* Debug */,
				3FD498D9193E01EA008CBB2A /* Release */,
			);
			defaultConfigurationIsVisible = 0;
			defaultConfigurationName = Release;
		};
		3FD498DA193E01EA008CBB2A /* Build configuration list for PBXNativeTarget "TroffyPilot" */ = {
			isa = XCConfigurationList;
			buildConfigurations = (
				3FD498DB193E01EA008CBB2A /* Debug */,
				3FD498DC193E01EA008CBB2A /* Release */,
			);
			defaultConfigurationIsVisible = 0;
			defaultConfigurationName = Release;
		};
		3FD498DD193E01EA008CBB2A /* Build configuration list for PBXNativeTarget "TroffyPilotTests" */ = {
			isa = XCConfigurationList;
			buildConfigurations = (
				3FD498DE193E01EA008CBB2A /* Debug */,
				3FD498DF193E01EA008CBB2A /* Release */,
			);
			defaultConfigurationIsVisible = 0;
			defaultConfigurationName = Release;
		};
/* End XCConfigurationList section */
	};
	rootObject = 3FD498A6193E01EA008CBB2A /* Project object */;
}
